
Microsoft Visual Studio Solution File, Format Version 12.00
# Visual Studio Version 16
VisualStudioVersion = 16.0.31702.278
MinimumVisualStudioVersion = 10.0.40219.1
Project("{FAE04EC0-301F-11D3-BF4B-00C04F79EFBC}") = "WindowsFormsApp", "WindowsFormsApp\WindowsFormsApp.csproj", "{19ECBF77-3400-409C-AC57-4C79C01CB76A}"
EndProject
Project("{FAE04EC0-301F-11D3-BF4B-00C04F79EFBC}") = "Data", "Datos\Data.csproj", "{8D524964-F434-42CA-84AE-5823FB886B50}"
EndProject
Project("{2150E333-8FDC-42A3-9474-1A3956D46DE8}") = "Layers", "Layers", "{083FB8C3-A512-4A40-B3AF-9719290B39D6}"
EndProject
Project("{2150E333-8FDC-42A3-9474-1A3956D46DE8}") = "UI", "UI", "{684E09FE-19EA-4516-9921-67397862274F}"
EndProject
Global
	GlobalSection(SolutionConfigurationPlatforms) = preSolution
		Debug|Any CPU = Debug|Any CPU
		Release|Any CPU = Release|Any CPU
	EndGlobalSection
	GlobalSection(ProjectConfigurationPlatforms) = postSolution
		{19ECBF77-3400-409C-AC57-4C79C01CB76A}.Debug|Any CPU.ActiveCfg = Debug|Any CPU
		{19ECBF77-3400-409C-AC57-4C79C01CB76A}.Debug|Any CPU.Build.0 = Debug|Any CPU
		{19ECBF77-3400-409C-AC57-4C79C01CB76A}.Release|Any CPU.ActiveCfg = Release|Any CPU
		{19ECBF77-3400-409C-AC57-4C79C01CB76A}.Release|Any CPU.Build.0 = Release|Any CPU
		{8D524964-F434-42CA-84AE-5823FB886B50}.Debug|Any CPU.ActiveCfg = Debug|Any CPU
		{8D524964-F434-42CA-84AE-5823FB886B50}.Debug|Any CPU.Build.0 = Debug|Any CPU
		{8D524964-F434-42CA-84AE-5823FB886B50}.Release|Any CPU.ActiveCfg = Release|Any CPU
		{8D524964-F434-42CA-84AE-5823FB886B50}.Release|Any CPU.Build.0 = Release|Any CPU
	EndGlobalSection
	GlobalSection(SolutionProperties) = preSolution
		HideSolutionNode = FALSE
	EndGlobalSection
	GlobalSection(NestedProjects) = preSolution
		{19ECBF77-3400-409C-AC57-4C79C01CB76A} = {684E09FE-19EA-4516-9921-67397862274F}
		{8D524964-F434-42CA-84AE-5823FB886B50} = {083FB8C3-A512-4A40-B3AF-9719290B39D6}
	EndGlobalSection
	GlobalSection(ExtensibilityGlobals) = postSolution
		SolutionGuid = {553E257C-7022-4555-AFC6-AF128A95BD6B}
	EndGlobalSection
EndGlobal
